
Microsoft Visual Studio Solution File, Format Version 12.00
# Visual Studio Version 16
VisualStudioVersion = 16.0.30011.22
MinimumVisualStudioVersion = 10.0.40219.1
Project("{2150E333-8FDC-42A3-9474-1A3956D46DE8}") = "1. Application", "1. Application", "{42C59519-8B74-455C-BBBA-AE8FB678409D}"
EndProject
Project("{2150E333-8FDC-42A3-9474-1A3956D46DE8}") = "2. Domain", "2. Domain", "{5D80051A-5CF5-459A-A62E-2B655D68E5C3}"
EndProject
Project("{2150E333-8FDC-42A3-9474-1A3956D46DE8}") = "3. Services", "3. Services", "{25D28CB1-E2FF-473D-9B83-AE691C802BE2}"
EndProject
Project("{2150E333-8FDC-42A3-9474-1A3956D46DE8}") = "4. Infra", "4. Infra", "{28ECC555-170C-487C-92CB-C82561483A90}"
EndProject
Project("{2150E333-8FDC-42A3-9474-1A3956D46DE8}") = "4.1. Data", "4.1. Data", "{1088BF25-7878-40D5-A7E3-A3245852F0BC}"
EndProject
Project("{2150E333-8FDC-42A3-9474-1A3956D46DE8}") = "4.2. Cross Cutting", "4.2. Cross Cutting", "{868B887B-A90E-4A17-92EF-3679BDC2BB87}"
EndProject
Project("{9A19103F-16F7-4668-BE54-9A1E7A4F7556}") = "Domain", "Domain\Domain.csproj", "{0D245217-30C4-4E58-9D12-97F3A956F3B6}"
EndProject
Project("{FAE04EC0-301F-11D3-BF4B-00C04F79EFBC}") = "Persistence", "Persistence\Persistence.csproj", "{7046D99F-D826-4B57-94C0-750C06A49B89}"
EndProject
Project("{FAE04EC0-301F-11D3-BF4B-00C04F79EFBC}") = "WebService", "WebService\WebService.csproj", "{05E371F6-2D4B-4566-8236-9F589FFBECA7}"
EndProject
Project("{FAE04EC0-301F-11D3-BF4B-00C04F79EFBC}") = "Repository", "Repository\Repository.csproj", "{BAC6896E-4E17-41D3-8C33-2D9518800D50}"
EndProject
Project("{FAE04EC0-301F-11D3-BF4B-00C04F79EFBC}") = "DI", "DI\DI.csproj", "{F30BBF89-5840-4CE1-8E17-FDDEA488714B}"
EndProject
Global
	GlobalSection(SolutionConfigurationPlatforms) = preSolution
		Debug|Any CPU = Debug|Any CPU
		Release|Any CPU = Release|Any CPU
	EndGlobalSection
	GlobalSection(ProjectConfigurationPlatforms) = postSolution
		{0D245217-30C4-4E58-9D12-97F3A956F3B6}.Debug|Any CPU.ActiveCfg = Debug|Any CPU
		{0D245217-30C4-4E58-9D12-97F3A956F3B6}.Debug|Any CPU.Build.0 = Debug|Any CPU
		{0D245217-30C4-4E58-9D12-97F3A956F3B6}.Release|Any CPU.ActiveCfg = Release|Any CPU
		{0D245217-30C4-4E58-9D12-97F3A956F3B6}.Release|Any CPU.Build.0 = Release|Any CPU
		{7046D99F-D826-4B57-94C0-750C06A49B89}.Debug|Any CPU.ActiveCfg = Debug|Any CPU
		{7046D99F-D826-4B57-94C0-750C06A49B89}.Debug|Any CPU.Build.0 = Debug|Any CPU
		{7046D99F-D826-4B57-94C0-750C06A49B89}.Release|Any CPU.ActiveCfg = Release|Any CPU
		{7046D99F-D826-4B57-94C0-750C06A49B89}.Release|Any CPU.Build.0 = Release|Any CPU
		{05E371F6-2D4B-4566-8236-9F589FFBECA7}.Debug|Any CPU.ActiveCfg = Debug|Any CPU
		{05E371F6-2D4B-4566-8236-9F589FFBECA7}.Debug|Any CPU.Build.0 = Debug|Any CPU
		{05E371F6-2D4B-4566-8236-9F589FFBECA7}.Release|Any CPU.ActiveCfg = Release|Any CPU
		{05E371F6-2D4B-4566-8236-9F589FFBECA7}.Release|Any CPU.Build.0 = Release|Any CPU
		{BAC6896E-4E17-41D3-8C33-2D9518800D50}.Debug|Any CPU.ActiveCfg = Debug|Any CPU
		{BAC6896E-4E17-41D3-8C33-2D9518800D50}.Debug|Any CPU.Build.0 = Debug|Any CPU
		{BAC6896E-4E17-41D3-8C33-2D9518800D50}.Release|Any CPU.ActiveCfg = Release|Any CPU
		{BAC6896E-4E17-41D3-8C33-2D9518800D50}.Release|Any CPU.Build.0 = Release|Any CPU
		{F30BBF89-5840-4CE1-8E17-FDDEA488714B}.Debug|Any CPU.ActiveCfg = Debug|Any CPU
		{F30BBF89-5840-4CE1-8E17-FDDEA488714B}.Debug|Any CPU.Build.0 = Debug|Any CPU
		{F30BBF89-5840-4CE1-8E17-FDDEA488714B}.Release|Any CPU.ActiveCfg = Release|Any CPU
		{F30BBF89-5840-4CE1-8E17-FDDEA488714B}.Release|Any CPU.Build.0 = Release|Any CPU
	EndGlobalSection
	GlobalSection(SolutionProperties) = preSolution
		HideSolutionNode = FALSE
	EndGlobalSection
	GlobalSection(NestedProjects) = preSolution
		{1088BF25-7878-40D5-A7E3-A3245852F0BC} = {28ECC555-170C-487C-92CB-C82561483A90}
		{868B887B-A90E-4A17-92EF-3679BDC2BB87} = {28ECC555-170C-487C-92CB-C82561483A90}
		{0D245217-30C4-4E58-9D12-97F3A956F3B6} = {5D80051A-5CF5-459A-A62E-2B655D68E5C3}
		{7046D99F-D826-4B57-94C0-750C06A49B89} = {1088BF25-7878-40D5-A7E3-A3245852F0BC}
		{05E371F6-2D4B-4566-8236-9F589FFBECA7} = {42C59519-8B74-455C-BBBA-AE8FB678409D}
		{BAC6896E-4E17-41D3-8C33-2D9518800D50} = {1088BF25-7878-40D5-A7E3-A3245852F0BC}
		{F30BBF89-5840-4CE1-8E17-FDDEA488714B} = {868B887B-A90E-4A17-92EF-3679BDC2BB87}
	EndGlobalSection
	GlobalSection(ExtensibilityGlobals) = postSolution
		SolutionGuid = {C12C897B-0ECE-4241-9DDE-08A0C6AE237A}
	EndGlobalSection
EndGlobal
